// !$*UTF8*$!
{
	archiveVersion = 1;
	classes = {
	};
	objectVersion = 55;
	objects = {

/* Begin PBXBuildFile section */
		C3EEAA72D9AA6FD61811AB54 /* Pods_RxMemo.framework in Frameworks */ = {isa = PBXBuildFile; fileRef = 28F3472708A947EEAC755607 /* Pods_RxMemo.framework */; };
		F518C6D628C5EC3500C4F2F7 /* AppDelegate.swift in Sources */ = {isa = PBXBuildFile; fileRef = F518C6D528C5EC3500C4F2F7 /* AppDelegate.swift */; };
		F518C6D828C5EC3500C4F2F7 /* SceneDelegate.swift in Sources */ = {isa = PBXBuildFile; fileRef = F518C6D728C5EC3500C4F2F7 /* SceneDelegate.swift */; };
		F518C6DD28C5EC3500C4F2F7 /* Main.storyboard in Resources */ = {isa = PBXBuildFile; fileRef = F518C6DB28C5EC3500C4F2F7 /* Main.storyboard */; };
		F518C6E028C5EC3500C4F2F7 /* RxMemo.xcdatamodeld in Sources */ = {isa = PBXBuildFile; fileRef = F518C6DE28C5EC3500C4F2F7 /* RxMemo.xcdatamodeld */; };
		F518C6E228C5EC3600C4F2F7 /* Assets.xcassets in Resources */ = {isa = PBXBuildFile; fileRef = F518C6E128C5EC3600C4F2F7 /* Assets.xcassets */; };
		F518C6E528C5EC3600C4F2F7 /* LaunchScreen.storyboard in Resources */ = {isa = PBXBuildFile; fileRef = F518C6E328C5EC3600C4F2F7 /* LaunchScreen.storyboard */; };
		F544649528C5EFDE00198135 /* Memo.swift in Sources */ = {isa = PBXBuildFile; fileRef = F544649428C5EFDE00198135 /* Memo.swift */; };
		F544649728C5F0F700198135 /* MemoStorageType.swift in Sources */ = {isa = PBXBuildFile; fileRef = F544649628C5F0F700198135 /* MemoStorageType.swift */; };
		F544649B28C5F1A800198135 /* MemoryStorage.swift in Sources */ = {isa = PBXBuildFile; fileRef = F544649A28C5F1A800198135 /* MemoryStorage.swift */; };
		F5A9816828C6D3B100C14412 /* MemoListViewController.swift in Sources */ = {isa = PBXBuildFile; fileRef = F5A9816728C6D3B100C14412 /* MemoListViewController.swift */; };
		F5A9816A28C6D59A00C14412 /* MemoDetailViewController.swift in Sources */ = {isa = PBXBuildFile; fileRef = F5A9816928C6D59A00C14412 /* MemoDetailViewController.swift */; };
		F5A9816C28C6D5BE00C14412 /* MemoComposeViewController.swift in Sources */ = {isa = PBXBuildFile; fileRef = F5A9816B28C6D5BE00C14412 /* MemoComposeViewController.swift */; };
		F5A9816E28C6D60900C14412 /* MemoListViewModel.swift in Sources */ = {isa = PBXBuildFile; fileRef = F5A9816D28C6D60900C14412 /* MemoListViewModel.swift */; };
		F5A9817028C6D63500C14412 /* MemoDetailViewModel.swift in Sources */ = {isa = PBXBuildFile; fileRef = F5A9816F28C6D63500C14412 /* MemoDetailViewModel.swift */; };
		F5A9817228C6D64D00C14412 /* MemoComposeViewModel.swift in Sources */ = {isa = PBXBuildFile; fileRef = F5A9817128C6D64D00C14412 /* MemoComposeViewModel.swift */; };
		F5A9817428C6D78200C14412 /* ViewModelBindableType.swift in Sources */ = {isa = PBXBuildFile; fileRef = F5A9817328C6D78200C14412 /* ViewModelBindableType.swift */; };
		F5A9818428C6E20200C14412 /* TransitionModel.swift in Sources */ = {isa = PBXBuildFile; fileRef = F5A9818328C6E20200C14412 /* TransitionModel.swift */; };
		F5A9818628C6E26200C14412 /* Scene.swift in Sources */ = {isa = PBXBuildFile; fileRef = F5A9818528C6E26200C14412 /* Scene.swift */; };
		F5A9818828C6E48700C14412 /* SceneCoordinatorType.swift in Sources */ = {isa = PBXBuildFile; fileRef = F5A9818728C6E48700C14412 /* SceneCoordinatorType.swift */; };
		F5A9818A28C6E52D00C14412 /* SceneCoordinator.swift in Sources */ = {isa = PBXBuildFile; fileRef = F5A9818928C6E52D00C14412 /* SceneCoordinator.swift */; };
/* End PBXBuildFile section */

/* Begin PBXFileReference section */
		28F3472708A947EEAC755607 /* Pods_RxMemo.framework */ = {isa = PBXFileReference; explicitFileType = wrapper.framework; includeInIndex = 0; path = Pods_RxMemo.framework; sourceTree = BUILT_PRODUCTS_DIR; };
		6DFB45C31045F4A6B12365A7 /* Pods-RxMemo.debug.xcconfig */ = {isa = PBXFileReference; includeInIndex = 1; lastKnownFileType = text.xcconfig; name = "Pods-RxMemo.debug.xcconfig"; path = "Target Support Files/Pods-RxMemo/Pods-RxMemo.debug.xcconfig"; sourceTree = "<group>"; };
		E48E010FC09F1A936F4A103D /* Pods-RxMemo.release.xcconfig */ = {isa = PBXFileReference; includeInIndex = 1; lastKnownFileType = text.xcconfig; name = "Pods-RxMemo.release.xcconfig"; path = "Target Support Files/Pods-RxMemo/Pods-RxMemo.release.xcconfig"; sourceTree = "<group>"; };
		F518C6D228C5EC3500C4F2F7 /* RxMemo.app */ = {isa = PBXFileReference; explicitFileType = wrapper.application; includeInIndex = 0; path = RxMemo.app; sourceTree = BUILT_PRODUCTS_DIR; };
		F518C6D528C5EC3500C4F2F7 /* AppDelegate.swift */ = {isa = PBXFileReference; lastKnownFileType = sourcecode.swift; path = AppDelegate.swift; sourceTree = "<group>"; };
		F518C6D728C5EC3500C4F2F7 /* SceneDelegate.swift */ = {isa = PBXFileReference; lastKnownFileType = sourcecode.swift; path = SceneDelegate.swift; sourceTree = "<group>"; };
		F518C6DC28C5EC3500C4F2F7 /* Base */ = {isa = PBXFileReference; lastKnownFileType = file.storyboard; name = Base; path = Base.lproj/Main.storyboard; sourceTree = "<group>"; };
		F518C6DF28C5EC3500C4F2F7 /* RxMemo.xcdatamodel */ = {isa = PBXFileReference; lastKnownFileType = wrapper.xcdatamodel; path = RxMemo.xcdatamodel; sourceTree = "<group>"; };
		F518C6E128C5EC3600C4F2F7 /* Assets.xcassets */ = {isa = PBXFileReference; lastKnownFileType = folder.assetcatalog; path = Assets.xcassets; sourceTree = "<group>"; };
		F518C6E428C5EC3600C4F2F7 /* Base */ = {isa = PBXFileReference; lastKnownFileType = file.storyboard; name = Base; path = Base.lproj/LaunchScreen.storyboard; sourceTree = "<group>"; };
		F518C6E628C5EC3600C4F2F7 /* Info.plist */ = {isa = PBXFileReference; lastKnownFileType = text.plist.xml; path = Info.plist; sourceTree = "<group>"; };
		F544649428C5EFDE00198135 /* Memo.swift */ = {isa = PBXFileReference; lastKnownFileType = sourcecode.swift; path = Memo.swift; sourceTree = "<group>"; };
		F544649628C5F0F700198135 /* MemoStorageType.swift */ = {isa = PBXFileReference; lastKnownFileType = sourcecode.swift; path = MemoStorageType.swift; sourceTree = "<group>"; };
		F544649A28C5F1A800198135 /* MemoryStorage.swift */ = {isa = PBXFileReference; lastKnownFileType = sourcecode.swift; path = MemoryStorage.swift; sourceTree = "<group>"; };
		F5A9816728C6D3B100C14412 /* MemoListViewController.swift */ = {isa = PBXFileReference; lastKnownFileType = sourcecode.swift; path = MemoListViewController.swift; sourceTree = "<group>"; };
		F5A9816928C6D59A00C14412 /* MemoDetailViewController.swift */ = {isa = PBXFileReference; lastKnownFileType = sourcecode.swift; path = MemoDetailViewController.swift; sourceTree = "<group>"; };
		F5A9816B28C6D5BE00C14412 /* MemoComposeViewController.swift */ = {isa = PBXFileReference; lastKnownFileType = sourcecode.swift; path = MemoComposeViewController.swift; sourceTree = "<group>"; };
		F5A9816D28C6D60900C14412 /* MemoListViewModel.swift */ = {isa = PBXFileReference; lastKnownFileType = sourcecode.swift; path = MemoListViewModel.swift; sourceTree = "<group>"; };
		F5A9816F28C6D63500C14412 /* MemoDetailViewModel.swift */ = {isa = PBXFileReference; lastKnownFileType = sourcecode.swift; path = MemoDetailViewModel.swift; sourceTree = "<group>"; };
		F5A9817128C6D64D00C14412 /* MemoComposeViewModel.swift */ = {isa = PBXFileReference; lastKnownFileType = sourcecode.swift; path = MemoComposeViewModel.swift; sourceTree = "<group>"; };
		F5A9817328C6D78200C14412 /* ViewModelBindableType.swift */ = {isa = PBXFileReference; lastKnownFileType = sourcecode.swift; path = ViewModelBindableType.swift; sourceTree = "<group>"; };
		F5A9818328C6E20200C14412 /* TransitionModel.swift */ = {isa = PBXFileReference; lastKnownFileType = sourcecode.swift; path = TransitionModel.swift; sourceTree = "<group>"; };
		F5A9818528C6E26200C14412 /* Scene.swift */ = {isa = PBXFileReference; lastKnownFileType = sourcecode.swift; path = Scene.swift; sourceTree = "<group>"; };
		F5A9818728C6E48700C14412 /* SceneCoordinatorType.swift */ = {isa = PBXFileReference; lastKnownFileType = sourcecode.swift; path = SceneCoordinatorType.swift; sourceTree = "<group>"; };
		F5A9818928C6E52D00C14412 /* SceneCoordinator.swift */ = {isa = PBXFileReference; lastKnownFileType = sourcecode.swift; path = SceneCoordinator.swift; sourceTree = "<group>"; };
/* End PBXFileReference section */

/* Begin PBXFrameworksBuildPhase section */
		F518C6CF28C5EC3500C4F2F7 /* Frameworks */ = {
			isa = PBXFrameworksBuildPhase;
			buildActionMask = 2147483647;
			files = (
				C3EEAA72D9AA6FD61811AB54 /* Pods_RxMemo.framework in Frameworks */,
			);
			runOnlyForDeploymentPostprocessing = 0;
		};
/* End PBXFrameworksBuildPhase section */

/* Begin PBXGroup section */
		734A65591E6595A591CBE083 /* Pods */ = {
			isa = PBXGroup;
			children = (
				6DFB45C31045F4A6B12365A7 /* Pods-RxMemo.debug.xcconfig */,
				E48E010FC09F1A936F4A103D /* Pods-RxMemo.release.xcconfig */,
			);
			path = Pods;
			sourceTree = "<group>";
		};
		8ADF63D6849847AE15D46F60 /* Frameworks */ = {
			isa = PBXGroup;
			children = (
				28F3472708A947EEAC755607 /* Pods_RxMemo.framework */,
			);
			name = Frameworks;
			sourceTree = "<group>";
		};
		F518C6C928C5EC3500C4F2F7 = {
			isa = PBXGroup;
			children = (
				F518C6D428C5EC3500C4F2F7 /* RxMemo */,
				F518C6D328C5EC3500C4F2F7 /* Products */,
				734A65591E6595A591CBE083 /* Pods */,
				8ADF63D6849847AE15D46F60 /* Frameworks */,
			);
			sourceTree = "<group>";
		};
		F518C6D328C5EC3500C4F2F7 /* Products */ = {
			isa = PBXGroup;
			children = (
				F518C6D228C5EC3500C4F2F7 /* RxMemo.app */,
			);
			name = Products;
			sourceTree = "<group>";
		};
		F518C6D428C5EC3500C4F2F7 /* RxMemo */ = {
			isa = PBXGroup;
			children = (
				F544649328C5EEEE00198135 /* Scene */,
				F544649228C5EEEA00198135 /* Service */,
				F544649128C5EEE700198135 /* ViewModel */,
				F544649028C5EEE200198135 /* ViewController */,
				F544648F28C5EEDF00198135 /* Model */,
				F518C6D528C5EC3500C4F2F7 /* AppDelegate.swift */,
				F518C6D728C5EC3500C4F2F7 /* SceneDelegate.swift */,
				F518C6E128C5EC3600C4F2F7 /* Assets.xcassets */,
				F518C6E628C5EC3600C4F2F7 /* Info.plist */,
			);
			path = RxMemo;
			sourceTree = "<group>";
		};
		F544648F28C5EEDF00198135 /* Model */ = {
			isa = PBXGroup;
			children = (
				F544649428C5EFDE00198135 /* Memo.swift */,
			);
			path = Model;
			sourceTree = "<group>";
		};
		F544649028C5EEE200198135 /* ViewController */ = {
			isa = PBXGroup;
			children = (
				F518C6DB28C5EC3500C4F2F7 /* Main.storyboard */,
				F518C6E328C5EC3600C4F2F7 /* LaunchScreen.storyboard */,
				F5A9816728C6D3B100C14412 /* MemoListViewController.swift */,
				F5A9816928C6D59A00C14412 /* MemoDetailViewController.swift */,
				F5A9816B28C6D5BE00C14412 /* MemoComposeViewController.swift */,
			);
			path = ViewController;
			sourceTree = "<group>";
		};
		F544649128C5EEE700198135 /* ViewModel */ = {
			isa = PBXGroup;
			children = (
				F5A9816D28C6D60900C14412 /* MemoListViewModel.swift */,
				F5A9816F28C6D63500C14412 /* MemoDetailViewModel.swift */,
				F5A9817128C6D64D00C14412 /* MemoComposeViewModel.swift */,
				F5A9817328C6D78200C14412 /* ViewModelBindableType.swift */,
			);
			path = ViewModel;
			sourceTree = "<group>";
		};
		F544649228C5EEEA00198135 /* Service */ = {
			isa = PBXGroup;
			children = (
				F544649928C5F18400198135 /* CoreDataStorage */,
				F544649828C5F17B00198135 /* MemoryStorage */,
				F544649628C5F0F700198135 /* MemoStorageType.swift */,
			);
			path = Service;
			sourceTree = "<group>";
		};
		F544649328C5EEEE00198135 /* Scene */ = {
			isa = PBXGroup;
			children = (
				F5A9818328C6E20200C14412 /* TransitionModel.swift */,
				F5A9818528C6E26200C14412 /* Scene.swift */,
				F5A9818728C6E48700C14412 /* SceneCoordinatorType.swift */,
				F5A9818928C6E52D00C14412 /* SceneCoordinator.swift */,
			);
			path = Scene;
			sourceTree = "<group>";
		};
		F544649828C5F17B00198135 /* MemoryStorage */ = {
			isa = PBXGroup;
			children = (
				F544649A28C5F1A800198135 /* MemoryStorage.swift */,
			);
			path = MemoryStorage;
			sourceTree = "<group>";
		};
		F544649928C5F18400198135 /* CoreDataStorage */ = {
			isa = PBXGroup;
			children = (
				F518C6DE28C5EC3500C4F2F7 /* RxMemo.xcdatamodeld */,
			);
			path = CoreDataStorage;
			sourceTree = "<group>";
		};
/* End PBXGroup section */

/* Begin PBXNativeTarget section */
		F518C6D128C5EC3500C4F2F7 /* RxMemo */ = {
			isa = PBXNativeTarget;
			buildConfigurationList = F518C6E928C5EC3600C4F2F7 /* Build configuration list for PBXNativeTarget "RxMemo" */;
			buildPhases = (
				1B6442D1BD9BC2C11101C3D4 /* [CP] Check Pods Manifest.lock */,
				F518C6CE28C5EC3500C4F2F7 /* Sources */,
				F518C6CF28C5EC3500C4F2F7 /* Frameworks */,
				F518C6D028C5EC3500C4F2F7 /* Resources */,
				7FB325F7FDEA5A416AB72B78 /* [CP] Embed Pods Frameworks */,
			);
			buildRules = (
			);
			dependencies = (
			);
			name = RxMemo;
			productName = RxMemo;
			productReference = F518C6D228C5EC3500C4F2F7 /* RxMemo.app */;
			productType = "com.apple.product-type.application";
		};
/* End PBXNativeTarget section */

/* Begin PBXProject section */
		F518C6CA28C5EC3500C4F2F7 /* Project object */ = {
			isa = PBXProject;
			attributes = {
				BuildIndependentTargetsInParallel = 1;
				LastSwiftUpdateCheck = 1340;
				LastUpgradeCheck = 1340;
				TargetAttributes = {
					F518C6D128C5EC3500C4F2F7 = {
						CreatedOnToolsVersion = 13.4.1;
					};
				};
			};
			buildConfigurationList = F518C6CD28C5EC3500C4F2F7 /* Build configuration list for PBXProject "RxMemo" */;
			compatibilityVersion = "Xcode 13.0";
			developmentRegion = en;
			hasScannedForEncodings = 0;
			knownRegions = (
				en,
				Base,
			);
			mainGroup = F518C6C928C5EC3500C4F2F7;
			productRefGroup = F518C6D328C5EC3500C4F2F7 /* Products */;
			projectDirPath = "";
			projectRoot = "";
			targets = (
				F518C6D128C5EC3500C4F2F7 /* RxMemo */,
			);
		};
/* End PBXProject section */

/* Begin PBXResourcesBuildPhase section */
		F518C6D028C5EC3500C4F2F7 /* Resources */ = {
			isa = PBXResourcesBuildPhase;
			buildActionMask = 2147483647;
			files = (
				F518C6E528C5EC3600C4F2F7 /* LaunchScreen.storyboard in Resources */,
				F518C6E228C5EC3600C4F2F7 /* Assets.xcassets in Resources */,
				F518C6DD28C5EC3500C4F2F7 /* Main.storyboard in Resources */,
			);
			runOnlyForDeploymentPostprocessing = 0;
		};
/* End PBXResourcesBuildPhase section */

/* Begin PBXShellScriptBuildPhase section */
		1B6442D1BD9BC2C11101C3D4 /* [CP] Check Pods Manifest.lock */ = {
			isa = PBXShellScriptBuildPhase;
			buildActionMask = 2147483647;
			files = (
			);
			inputFileListPaths = (
			);
			inputPaths = (
				"${PODS_PODFILE_DIR_PATH}/Podfile.lock",
				"${PODS_ROOT}/Manifest.lock",
			);
			name = "[CP] Check Pods Manifest.lock";
			outputFileListPaths = (
			);
			outputPaths = (
				"$(DERIVED_FILE_DIR)/Pods-RxMemo-checkManifestLockResult.txt",
			);
			runOnlyForDeploymentPostprocessing = 0;
			shellPath = /bin/sh;
			shellScript = "diff \"${PODS_PODFILE_DIR_PATH}/Podfile.lock\" \"${PODS_ROOT}/Manifest.lock\" > /dev/null\nif [ $? != 0 ] ; then\n    # print error to STDERR\n    echo \"error: The sandbox is not in sync with the Podfile.lock. Run 'pod install' or update your CocoaPods installation.\" >&2\n    exit 1\nfi\n# This output is used by Xcode 'outputs' to avoid re-running this script phase.\necho \"SUCCESS\" > \"${SCRIPT_OUTPUT_FILE_0}\"\n";
			showEnvVarsInLog = 0;
		};
		7FB325F7FDEA5A416AB72B78 /* [CP] Embed Pods Frameworks */ = {
			isa = PBXShellScriptBuildPhase;
			buildActionMask = 2147483647;
			files = (
			);
			inputFileListPaths = (
				"${PODS_ROOT}/Target Support Files/Pods-RxMemo/Pods-RxMemo-frameworks-${CONFIGURATION}-input-files.xcfilelist",
			);
			name = "[CP] Embed Pods Frameworks";
			outputFileListPaths = (
				"${PODS_ROOT}/Target Support Files/Pods-RxMemo/Pods-RxMemo-frameworks-${CONFIGURATION}-output-files.xcfilelist",
			);
			runOnlyForDeploymentPostprocessing = 0;
			shellPath = /bin/sh;
			shellScript = "\"${PODS_ROOT}/Target Support Files/Pods-RxMemo/Pods-RxMemo-frameworks.sh\"\n";
			showEnvVarsInLog = 0;
		};
/* End PBXShellScriptBuildPhase section */

/* Begin PBXSourcesBuildPhase section */
		F518C6CE28C5EC3500C4F2F7 /* Sources */ = {
			isa = PBXSourcesBuildPhase;
			buildActionMask = 2147483647;
			files = (
				F544649B28C5F1A800198135 /* MemoryStorage.swift in Sources */,
				F5A9817228C6D64D00C14412 /* MemoComposeViewModel.swift in Sources */,
				F5A9818A28C6E52D00C14412 /* SceneCoordinator.swift in Sources */,
				F5A9818628C6E26200C14412 /* Scene.swift in Sources */,
				F5A9816A28C6D59A00C14412 /* MemoDetailViewController.swift in Sources */,
				F5A9817428C6D78200C14412 /* ViewModelBindableType.swift in Sources */,
				F518C6D628C5EC3500C4F2F7 /* AppDelegate.swift in Sources */,
				F544649728C5F0F700198135 /* MemoStorageType.swift in Sources */,
				F518C6D828C5EC3500C4F2F7 /* SceneDelegate.swift in Sources */,
				F518C6E028C5EC3500C4F2F7 /* RxMemo.xcdatamodeld in Sources */,
				F5A9818828C6E48700C14412 /* SceneCoordinatorType.swift in Sources */,
				F5A9816E28C6D60900C14412 /* MemoListViewModel.swift in Sources */,
				F5A9817028C6D63500C14412 /* MemoDetailViewModel.swift in Sources */,
				F5A9818428C6E20200C14412 /* TransitionModel.swift in Sources */,
				F5A9816828C6D3B100C14412 /* MemoListViewController.swift in Sources */,
				F5A9816C28C6D5BE00C14412 /* MemoComposeViewController.swift in Sources */,
				F544649528C5EFDE00198135 /* Memo.swift in Sources */,
			);
			runOnlyForDeploymentPostprocessing = 0;
		};
/* End PBXSourcesBuildPhase section */

/* Begin PBXVariantGroup section */
		F518C6DB28C5EC3500C4F2F7 /* Main.storyboard */ = {
			isa = PBXVariantGroup;
			children = (
				F518C6DC28C5EC3500C4F2F7 /* Base */,
			);
			name = Main.storyboard;
			sourceTree = "<group>";
		};
		F518C6E328C5EC3600C4F2F7 /* LaunchScreen.storyboard */ = {
			isa = PBXVariantGroup;
			children = (
				F518C6E428C5EC3600C4F2F7 /* Base */,
			);
			name = LaunchScreen.storyboard;
			sourceTree = "<group>";
		};
/* End PBXVariantGroup section */

/* Begin XCBuildConfiguration section */
		F518C6E728C5EC3600C4F2F7 /* Debug */ = {
			isa = XCBuildConfiguration;
			buildSettings = {
				ALWAYS_SEARCH_USER_PATHS = NO;
				CLANG_ANALYZER_NONNULL = YES;
				CLANG_ANALYZER_NUMBER_OBJECT_CONVERSION = YES_AGGRESSIVE;
				CLANG_CXX_LANGUAGE_STANDARD = "gnu++17";
				CLANG_ENABLE_MODULES = YES;
				CLANG_ENABLE_OBJC_ARC = YES;
				CLANG_ENABLE_OBJC_WEAK = YES;
				CLANG_WARN_BLOCK_CAPTURE_AUTORELEASING = YES;
				CLANG_WARN_BOOL_CONVERSION = YES;
				CLANG_WARN_COMMA = YES;
				CLANG_WARN_CONSTANT_CONVERSION = YES;
				CLANG_WARN_DEPRECATED_OBJC_IMPLEMENTATIONS = YES;
				CLANG_WARN_DIRECT_OBJC_ISA_USAGE = YES_ERROR;
				CLANG_WARN_DOCUMENTATION_COMMENTS = YES;
				CLANG_WARN_EMPTY_BODY = YES;
				CLANG_WARN_ENUM_CONVERSION = YES;
				CLANG_WARN_INFINITE_RECURSION = YES;
				CLANG_WARN_INT_CONVERSION = YES;
				CLANG_WARN_NON_LITERAL_NULL_CONVERSION = YES;
				CLANG_WARN_OBJC_IMPLICIT_RETAIN_SELF = YES;
				CLANG_WARN_OBJC_LITERAL_CONVERSION = YES;
				CLANG_WARN_OBJC_ROOT_CLASS = YES_ERROR;
				CLANG_WARN_QUOTED_INCLUDE_IN_FRAMEWORK_HEADER = YES;
				CLANG_WARN_RANGE_LOOP_ANALYSIS = YES;
				CLANG_WARN_STRICT_PROTOTYPES = YES;
				CLANG_WARN_SUSPICIOUS_MOVE = YES;
				CLANG_WARN_UNGUARDED_AVAILABILITY = YES_AGGRESSIVE;
				CLANG_WARN_UNREACHABLE_CODE = YES;
				CLANG_WARN__DUPLICATE_METHOD_MATCH = YES;
				COPY_PHASE_STRIP = NO;
				DEBUG_INFORMATION_FORMAT = dwarf;
				ENABLE_STRICT_OBJC_MSGSEND = YES;
				ENABLE_TESTABILITY = YES;
				GCC_C_LANGUAGE_STANDARD = gnu11;
				GCC_DYNAMIC_NO_PIC = NO;
				GCC_NO_COMMON_BLOCKS = YES;
				GCC_OPTIMIZATION_LEVEL = 0;
				GCC_PREPROCESSOR_DEFINITIONS = (
					"DEBUG=1",
					"$(inherited)",
				);
				GCC_WARN_64_TO_32_BIT_CONVERSION = YES;
				GCC_WARN_ABOUT_RETURN_TYPE = YES_ERROR;
				GCC_WARN_UNDECLARED_SELECTOR = YES;
				GCC_WARN_UNINITIALIZED_AUTOS = YES_AGGRESSIVE;
				GCC_WARN_UNUSED_FUNCTION = YES;
				GCC_WARN_UNUSED_VARIABLE = YES;
				IPHONEOS_DEPLOYMENT_TARGET = 15.5;
				MTL_ENABLE_DEBUG_INFO = INCLUDE_SOURCE;
				MTL_FAST_MATH = YES;
				ONLY_ACTIVE_ARCH = YES;
				SDKROOT = iphoneos;
				SWIFT_ACTIVE_COMPILATION_CONDITIONS = DEBUG;
				SWIFT_OPTIMIZATION_LEVEL = "-Onone";
			};
			name = Debug;
		};
		F518C6E828C5EC3600C4F2F7 /* Release */ = {
			isa = XCBuildConfiguration;
			buildSettings = {
				ALWAYS_SEARCH_USER_PATHS = NO;
				CLANG_ANALYZER_NONNULL = YES;
				CLANG_ANALYZER_NUMBER_OBJECT_CONVERSION = YES_AGGRESSIVE;
				CLANG_CXX_LANGUAGE_STANDARD = "gnu++17";
				CLANG_ENABLE_MODULES = YES;
				CLANG_ENABLE_OBJC_ARC = YES;
				CLANG_ENABLE_OBJC_WEAK = YES;
				CLANG_WARN_BLOCK_CAPTURE_AUTORELEASING = YES;
				CLANG_WARN_BOOL_CONVERSION = YES;
				CLANG_WARN_COMMA = YES;
				CLANG_WARN_CONSTANT_CONVERSION = YES;
				CLANG_WARN_DEPRECATED_OBJC_IMPLEMENTATIONS = YES;
				CLANG_WARN_DIRECT_OBJC_ISA_USAGE = YES_ERROR;
				CLANG_WARN_DOCUMENTATION_COMMENTS = YES;
				CLANG_WARN_EMPTY_BODY = YES;
				CLANG_WARN_ENUM_CONVERSION = YES;
				CLANG_WARN_INFINITE_RECURSION = YES;
				CLANG_WARN_INT_CONVERSION = YES;
				CLANG_WARN_NON_LITERAL_NULL_CONVERSION = YES;
				CLANG_WARN_OBJC_IMPLICIT_RETAIN_SELF = YES;
				CLANG_WARN_OBJC_LITERAL_CONVERSION = YES;
				CLANG_WARN_OBJC_ROOT_CLASS = YES_ERROR;
				CLANG_WARN_QUOTED_INCLUDE_IN_FRAMEWORK_HEADER = YES;
				CLANG_WARN_RANGE_LOOP_ANALYSIS = YES;
				CLANG_WARN_STRICT_PROTOTYPES = YES;
				CLANG_WARN_SUSPICIOUS_MOVE = YES;
				CLANG_WARN_UNGUARDED_AVAILABILITY = YES_AGGRESSIVE;
				CLANG_WARN_UNREACHABLE_CODE = YES;
				CLANG_WARN__DUPLICATE_METHOD_MATCH = YES;
				COPY_PHASE_STRIP = NO;
				DEBUG_INFORMATION_FORMAT = "dwarf-with-dsym";
				ENABLE_NS_ASSERTIONS = NO;
				ENABLE_STRICT_OBJC_MSGSEND = YES;
				GCC_C_LANGUAGE_STANDARD = gnu11;
				GCC_NO_COMMON_BLOCKS = YES;
				GCC_WARN_64_TO_32_BIT_CONVERSION = YES;
				GCC_WARN_ABOUT_RETURN_TYPE = YES_ERROR;
				GCC_WARN_UNDECLARED_SELECTOR = YES;
				GCC_WARN_UNINITIALIZED_AUTOS = YES_AGGRESSIVE;
				GCC_WARN_UNUSED_FUNCTION = YES;
				GCC_WARN_UNUSED_VARIABLE = YES;
				IPHONEOS_DEPLOYMENT_TARGET = 15.5;
				MTL_ENABLE_DEBUG_INFO = NO;
				MTL_FAST_MATH = YES;
				SDKROOT = iphoneos;
				SWIFT_COMPILATION_MODE = wholemodule;
				SWIFT_OPTIMIZATION_LEVEL = "-O";
				VALIDATE_PRODUCT = YES;
			};
			name = Release;
		};
		F518C6EA28C5EC3600C4F2F7 /* Debug */ = {
			isa = XCBuildConfiguration;
			baseConfigurationReference = 6DFB45C31045F4A6B12365A7 /* Pods-RxMemo.debug.xcconfig */;
			buildSettings = {
				ASSETCATALOG_COMPILER_APPICON_NAME = AppIcon;
				ASSETCATALOG_COMPILER_GLOBAL_ACCENT_COLOR_NAME = AccentColor;
				CODE_SIGN_STYLE = Automatic;
				CURRENT_PROJECT_VERSION = 1;
				DEVELOPMENT_TEAM = 8D25AB624P;
				GENERATE_INFOPLIST_FILE = YES;
				INFOPLIST_FILE = RxMemo/Info.plist;
				INFOPLIST_KEY_UIApplicationSupportsIndirectInputEvents = YES;
				INFOPLIST_KEY_UILaunchStoryboardName = LaunchScreen;
				INFOPLIST_KEY_UIMainStoryboardFile = Main;
				INFOPLIST_KEY_UISupportedInterfaceOrientations_iPad = "UIInterfaceOrientationPortrait UIInterfaceOrientationPortraitUpsideDown UIInterfaceOrientationLandscapeLeft UIInterfaceOrientationLandscapeRight";
				INFOPLIST_KEY_UISupportedInterfaceOrientations_iPhone = "UIInterfaceOrientationPortrait UIInterfaceOrientationLandscapeLeft UIInterfaceOrientationLandscapeRight";
				IPHONEOS_DEPLOYMENT_TARGET = 13.0;
				LD_RUNPATH_SEARCH_PATHS = (
					"$(inherited)",
					"@executable_path/Frameworks",
				);
				MARKETING_VERSION = 1.0;
				PRODUCT_BUNDLE_IDENTIFIER = com.chris.RxMemo;
				PRODUCT_NAME = "$(TARGET_NAME)";
				SWIFT_EMIT_LOC_STRINGS = YES;
				SWIFT_VERSION = 5.0;
				TARGETED_DEVICE_FAMILY = "1,2";
			};
			name = Debug;
		};
		F518C6EB28C5EC3600C4F2F7 /* Release */ = {
			isa = XCBuildConfiguration;
			baseConfigurationReference = E48E010FC09F1A936F4A103D /* Pods-RxMemo.release.xcconfig */;
			buildSettings = {
				ASSETCATALOG_COMPILER_APPICON_NAME = AppIcon;
				ASSETCATALOG_COMPILER_GLOBAL_ACCENT_COLOR_NAME = AccentColor;
				CODE_SIGN_STYLE = Automatic;
				CURRENT_PROJECT_VERSION = 1;
				DEVELOPMENT_TEAM = 8D25AB624P;
				GENERATE_INFOPLIST_FILE = YES;
				INFOPLIST_FILE = RxMemo/Info.plist;
				INFOPLIST_KEY_UIApplicationSupportsIndirectInputEvents = YES;
				INFOPLIST_KEY_UILaunchStoryboardName = LaunchScreen;
				INFOPLIST_KEY_UIMainStoryboardFile = Main;
				INFOPLIST_KEY_UISupportedInterfaceOrientations_iPad = "UIInterfaceOrientationPortrait UIInterfaceOrientationPortraitUpsideDown UIInterfaceOrientationLandscapeLeft UIInterfaceOrientationLandscapeRight";
				INFOPLIST_KEY_UISupportedInterfaceOrientations_iPhone = "UIInterfaceOrientationPortrait UIInterfaceOrientationLandscapeLeft UIInterfaceOrientationLandscapeRight";
				IPHONEOS_DEPLOYMENT_TARGET = 13.0;
				LD_RUNPATH_SEARCH_PATHS = (
					"$(inherited)",
					"@executable_path/Frameworks",
				);
				MARKETING_VERSION = 1.0;
				PRODUCT_BUNDLE_IDENTIFIER = com.chris.RxMemo;
				PRODUCT_NAME = "$(TARGET_NAME)";
				SWIFT_EMIT_LOC_STRINGS = YES;
				SWIFT_VERSION = 5.0;
				TARGETED_DEVICE_FAMILY = "1,2";
			};
			name = Release;
		};
/* End XCBuildConfiguration section */

/* Begin XCConfigurationList section */
		F518C6CD28C5EC3500C4F2F7 /* Build configuration list for PBXProject "RxMemo" */ = {
			isa = XCConfigurationList;
			buildConfigurations = (
				F518C6E728C5EC3600C4F2F7 /* Debug */,
				F518C6E828C5EC3600C4F2F7 /* Release */,
			);
			defaultConfigurationIsVisible = 0;
			defaultConfigurationName = Release;
		};
		F518C6E928C5EC3600C4F2F7 /* Build configuration list for PBXNativeTarget "RxMemo" */ = {
			isa = XCConfigurationList;
			buildConfigurations = (
				F518C6EA28C5EC3600C4F2F7 /* Debug */,
				F518C6EB28C5EC3600C4F2F7 /* Release */,
			);
			defaultConfigurationIsVisible = 0;
			defaultConfigurationName = Release;
		};
/* End XCConfigurationList section */

/* Begin XCVersionGroup section */
		F518C6DE28C5EC3500C4F2F7 /* RxMemo.xcdatamodeld */ = {
			isa = XCVersionGroup;
			children = (
				F518C6DF28C5EC3500C4F2F7 /* RxMemo.xcdatamodel */,
			);
			currentVersion = F518C6DF28C5EC3500C4F2F7 /* RxMemo.xcdatamodel */;
			path = RxMemo.xcdatamodeld;
			sourceTree = "<group>";
			versionGroupType = wrapper.xcdatamodel;
		};
/* End XCVersionGroup section */
	};
	rootObject = F518C6CA28C5EC3500C4F2F7 /* Project object */;
}
